PODS:
  - FXBlurView (1.6.3)
  - HexColors (2.2.1)
  - MessageBanner (1.0.3):
    - FXBlurView (~> 1.6.1)
    - HexColors (~> 2)

DEPENDENCIES:
  - MessageBanner (from `../`)

EXTERNAL SOURCES:
  MessageBanner:
    :path: ../

SPEC CHECKSUMS:
  FXBlurView: abe1046285813c4f6e9008abbc324fc5ab32af90
  HexColors: 01384d2bbe8dc4ffa43c3b4135db6e976952d153
  MessageBanner: 88bf747c8e81d4f736b63fcad216e3a8b9cabba4

COCOAPODS: 0.35.0
