<?xml version="1.0" encoding="UTF-8"?>
<!DOCTYPE plist PUBLIC "-//Apple//DTD PLIST 1.0//EN" "http://www.apple.com/DTDs/PropertyList-1.0.dtd">
<plist version="1.0">
<dict>
	<key>archiveVersion</key>
	<string>1</string>
	<key>classes</key>
	<dict/>
	<key>objectVersion</key>
	<string>46</string>
	<key>objects</key>
	<dict>
		<key>21082DED193D9FA0000023A0</key>
		<dict>
			<key>children</key>
			<array>
				<string>21082DEE193D9FA0000023A0</string>
				<string>21082DEF193D9FA0000023A0</string>
			</array>
			<key>isa</key>
			<string>PBXGroup</string>
			<key>path</key>
			<string>Ressources</string>
			<key>sourceTree</key>
			<string>&lt;group&gt;</string>
		</dict>
		<key>21082DEE193D9FA0000023A0</key>
		<dict>
			<key>children</key>
			<array>
				<string>21082DF0193DA1CB000023A0</string>
			</array>
			<key>isa</key>
			<string>PBXGroup</string>
			<key>path</key>
			<string>Configuration Files</string>
			<key>sourceTree</key>
			<string>&lt;group&gt;</string>
		</dict>
		<key>21082DEF193D9FA0000023A0</key>
		<dict>
			<key>children</key>
			<array>
				<string>21082DF2193DA4BA000023A0</string>
				<string>21082DF3193DA4BA000023A0</string>
				<string>21082DF4193DA4BA000023A0</string>
				<string>21082DF5193DA4BA000023A0</string>
				<string>21082DF6193DA4BA000023A0</string>
				<string>21082DF7193DA4BA000023A0</string>
				<string>21082DF8193DA4BA000023A0</string>
				<string>21082DF9193DA4BA000023A0</string>
			</array>
			<key>isa</key>
			<string>PBXGroup</string>
			<key>path</key>
			<string>Images</string>
			<key>sourceTree</key>
			<string>&lt;group&gt;</string>
		</dict>
		<key>21082DF0193DA1CB000023A0</key>
		<dict>
			<key>fileEncoding</key>
			<string>4</string>
			<key>isa</key>
			<string>PBXFileReference</string>
			<key>lastKnownFileType</key>
			<string>text.json</string>
			<key>path</key>
			<string>MessageBannerDesign.json</string>
			<key>sourceTree</key>
			<string>&lt;group&gt;</string>
		</dict>
		<key>21082DF1193DA1CB000023A0</key>
		<dict>
			<key>fileRef</key>
			<string>21082DF0193DA1CB000023A0</string>
			<key>isa</key>
			<string>PBXBuildFile</string>
		</dict>
		<key>21082DF2193DA4BA000023A0</key>
		<dict>
			<key>isa</key>
			<string>PBXFileReference</string>
			<key>lastKnownFileType</key>
			<string>image.png</string>
			<key>path</key>
			<string>ErrorBackgroundDefaultImage.png</string>
			<key>sourceTree</key>
			<string>&lt;group&gt;</string>
		</dict>
		<key>21082DF3193DA4BA000023A0</key>
		<dict>
			<key>isa</key>
			<string>PBXFileReference</string>
			<key>lastKnownFileType</key>
			<string>image.png</string>
			<key>path</key>
			<string>ErrorBackgroundDefaultImage@2x.png</string>
			<key>sourceTree</key>
			<string>&lt;group&gt;</string>
		</dict>
		<key>21082DF4193DA4BA000023A0</key>
		<dict>
			<key>isa</key>
			<string>PBXFileReference</string>
			<key>lastKnownFileType</key>
			<string>image.png</string>
			<key>path</key>
			<string>MessageBackgroundDefaultImage.png</string>
			<key>sourceTree</key>
			<string>&lt;group&gt;</string>
		</dict>
		<key>21082DF5193DA4BA000023A0</key>
		<dict>
			<key>isa</key>
			<string>PBXFileReference</string>
			<key>lastKnownFileType</key>
			<string>image.png</string>
			<key>path</key>
			<string>MessageBackgroundDefaultImage@2x.png</string>
			<key>sourceTree</key>
			<string>&lt;group&gt;</string>
		</dict>
		<key>21082DF6193DA4BA000023A0</key>
		<dict>
			<key>isa</key>
			<string>PBXFileReference</string>
			<key>lastKnownFileType</key>
			<string>image.png</string>
			<key>path</key>
			<string>SuccessBackgroundDefaultImage.png</string>
			<key>sourceTree</key>
			<string>&lt;group&gt;</string>
		</dict>
		<key>21082DF7193DA4BA000023A0</key>
		<dict>
			<key>isa</key>
			<string>PBXFileReference</string>
			<key>lastKnownFileType</key>
			<string>image.png</string>
			<key>path</key>
			<string>SuccessBackgroundDefaultImage@2x.png</string>
			<key>sourceTree</key>
			<string>&lt;group&gt;</string>
		</dict>
		<key>21082DF8193DA4BA000023A0</key>
		<dict>
			<key>isa</key>
			<string>PBXFileReference</string>
			<key>lastKnownFileType</key>
			<string>image.png</string>
			<key>path</key>
			<string>WarningBackgroundDefaultImage.png</string>
			<key>sourceTree</key>
			<string>&lt;group&gt;</string>
		</dict>
		<key>21082DF9193DA4BA000023A0</key>
		<dict>
			<key>isa</key>
			<string>PBXFileReference</string>
			<key>lastKnownFileType</key>
			<string>image.png</string>
			<key>path</key>
			<string>WarningBackgroundDefaultImage@2x.png</string>
			<key>sourceTree</key>
			<string>&lt;group&gt;</string>
		</dict>
		<key>21082DFA193DA4BA000023A0</key>
		<dict>
			<key>fileRef</key>
			<string>21082DF2193DA4BA000023A0</string>
			<key>isa</key>
			<string>PBXBuildFile</string>
		</dict>
		<key>21082DFB193DA4BA000023A0</key>
		<dict>
			<key>fileRef</key>
			<string>21082DF3193DA4BA000023A0</string>
			<key>isa</key>
			<string>PBXBuildFile</string>
		</dict>
		<key>21082DFC193DA4BA000023A0</key>
		<dict>
			<key>fileRef</key>
			<string>21082DF4193DA4BA000023A0</string>
			<key>isa</key>
			<string>PBXBuildFile</string>
		</dict>
		<key>21082DFD193DA4BA000023A0</key>
		<dict>
			<key>fileRef</key>
			<string>21082DF5193DA4BA000023A0</string>
			<key>isa</key>
			<string>PBXBuildFile</string>
		</dict>
		<key>21082DFE193DA4BA000023A0</key>
		<dict>
			<key>fileRef</key>
			<string>21082DF6193DA4BA000023A0</string>
			<key>isa</key>
			<string>PBXBuildFile</string>
		</dict>
		<key>21082DFF193DA4BA000023A0</key>
		<dict>
			<key>fileRef</key>
			<string>21082DF7193DA4BA000023A0</string>
			<key>isa</key>
			<string>PBXBuildFile</string>
		</dict>
		<key>21082E00193DA4BA000023A0</key>
		<dict>
			<key>fileRef</key>
			<string>21082DF8193DA4BA000023A0</string>
			<key>isa</key>
			<string>PBXBuildFile</string>
		</dict>
		<key>21082E01193DA4BA000023A0</key>
		<dict>
			<key>fileRef</key>
			<string>21082DF9193DA4BA000023A0</string>
			<key>isa</key>
			<string>PBXBuildFile</string>
		</dict>
		<key>21D0CF9A193BEE2B00C160EC</key>
		<dict>
			<key>children</key>
			<array>
				<string>21D0CFDB193BEEB700C160EC</string>
				<string>21D0CFAC193BEE2B00C160EC</string>
				<string>21D0CFA5193BEE2B00C160EC</string>
				<string>21D0CFA4193BEE2B00C160EC</string>
				<string>B63D5E73EDED44FB969625BB</string>
			</array>
			<key>isa</key>
			<string>PBXGroup</string>
			<key>sourceTree</key>
			<string>&lt;group&gt;</string>
		</dict>
		<key>21D0CF9B193BEE2B00C160EC</key>
		<dict>
			<key>attributes</key>
			<dict>
				<key>LastUpgradeCheck</key>
				<string>0510</string>
				<key>ORGANIZATIONNAME</key>
				<string>Thibault Carpentier</string>
				<key>TargetAttributes</key>
				<dict>
					<key>21D0CFC3193BEE2B00C160EC</key>
					<dict>
						<key>TestTargetID</key>
						<string>21D0CFA2193BEE2B00C160EC</string>
					</dict>
				</dict>
			</dict>
			<key>buildConfigurationList</key>
			<string>21D0CF9E193BEE2B00C160EC</string>
			<key>compatibilityVersion</key>
			<string>Xcode 3.2</string>
			<key>developmentRegion</key>
			<string>English</string>
			<key>hasScannedForEncodings</key>
			<string>0</string>
			<key>isa</key>
			<string>PBXProject</string>
			<key>knownRegions</key>
			<array>
				<string>en</string>
				<string>Base</string>
			</array>
			<key>mainGroup</key>
			<string>21D0CF9A193BEE2B00C160EC</string>
			<key>productRefGroup</key>
			<string>21D0CFA4193BEE2B00C160EC</string>
			<key>projectDirPath</key>
			<string></string>
			<key>projectReferences</key>
			<array/>
			<key>projectRoot</key>
			<string></string>
			<key>targets</key>
			<array>
				<string>21D0CFA2193BEE2B00C160EC</string>
				<string>21D0CFC3193BEE2B00C160EC</string>
			</array>
		</dict>
		<key>21D0CF9E193BEE2B00C160EC</key>
		<dict>
			<key>buildConfigurations</key>
			<array>
				<string>21D0CFD3193BEE2B00C160EC</string>
				<string>21D0CFD4193BEE2B00C160EC</string>
			</array>
			<key>defaultConfigurationIsVisible</key>
			<string>0</string>
			<key>defaultConfigurationName</key>
			<string>Release</string>
			<key>isa</key>
			<string>XCConfigurationList</string>
		</dict>
		<key>21D0CF9F193BEE2B00C160EC</key>
		<dict>
			<key>buildActionMask</key>
			<string>2147483647</string>
			<key>files</key>
			<array>
				<string>21D0CFBD193BEE2B00C160EC</string>
				<string>21D0CFE2193BEEB700C160EC</string>
				<string>21D0CFB7193BEE2B00C160EC</string>
				<string>21D0CFB3193BEE2B00C160EC</string>
				<string>21D0CFE3193BEEB700C160EC</string>
			</array>
			<key>isa</key>
			<string>PBXSourcesBuildPhase</string>
			<key>runOnlyForDeploymentPostprocessing</key>
			<string>0</string>
		</dict>
		<key>21D0CFA0193BEE2B00C160EC</key>
		<dict>
			<key>buildActionMask</key>
			<string>2147483647</string>
			<key>files</key>
			<array>
				<string>21D0CFA9193BEE2B00C160EC</string>
				<string>21D0CFAB193BEE2B00C160EC</string>
				<string>21D0CFA7193BEE2B00C160EC</string>
				<string>F8AF0C2E9DDB4CF6AE2AB947</string>
			</array>
			<key>isa</key>
			<string>PBXFrameworksBuildPhase</string>
			<key>runOnlyForDeploymentPostprocessing</key>
			<string>0</string>
		</dict>
		<key>21D0CFA1193BEE2B00C160EC</key>
		<dict>
			<key>buildActionMask</key>
			<string>2147483647</string>
			<key>files</key>
			<array>
				<string>21D0CFE8193BEFBB00C160EC</string>
				<string>21082DF1193DA1CB000023A0</string>
				<string>21082E00193DA4BA000023A0</string>
				<string>21082DFF193DA4BA000023A0</string>
				<string>21D0CFBF193BEE2B00C160EC</string>
				<string>21D0CFE9193BEFBB00C160EC</string>
				<string>21D0CFB1193BEE2B00C160EC</string>
				<string>21082DFB193DA4BA000023A0</string>
				<string>21082DFD193DA4BA000023A0</string>
				<string>21082DFC193DA4BA000023A0</string>
				<string>21082DFE193DA4BA000023A0</string>
				<string>21D0CFBA193BEE2B00C160EC</string>
				<string>21082DFA193DA4BA000023A0</string>
				<string>21082E01193DA4BA000023A0</string>
			</array>
			<key>isa</key>
			<string>PBXResourcesBuildPhase</string>
			<key>runOnlyForDeploymentPostprocessing</key>
			<string>0</string>
		</dict>
		<key>21D0CFA2193BEE2B00C160EC</key>
		<dict>
			<key>buildConfigurationList</key>
			<string>21D0CFD5193BEE2B00C160EC</string>
			<key>buildPhases</key>
			<array>
				<string>D69C249767C44400BFAA605E</string>
				<string>21D0CF9F193BEE2B00C160EC</string>
				<string>21D0CFA0193BEE2B00C160EC</string>
				<string>21D0CFA1193BEE2B00C160EC</string>
				<string>61F3B92027F2451491673178</string>
			</array>
			<key>buildRules</key>
			<array/>
			<key>dependencies</key>
			<array/>
			<key>isa</key>
			<string>PBXNativeTarget</string>
			<key>name</key>
			<string>MessageBanner Demo</string>
			<key>productName</key>
			<string>MessageBanner Demo</string>
			<key>productReference</key>
			<string>21D0CFA3193BEE2B00C160EC</string>
			<key>productType</key>
			<string>com.apple.product-type.application</string>
		</dict>
		<key>21D0CFA3193BEE2B00C160EC</key>
		<dict>
			<key>explicitFileType</key>
			<string>wrapper.application</string>
			<key>includeInIndex</key>
			<string>0</string>
			<key>isa</key>
			<string>PBXFileReference</string>
			<key>path</key>
			<string>MessageBanner Demo.app</string>
			<key>sourceTree</key>
			<string>BUILT_PRODUCTS_DIR</string>
		</dict>
		<key>21D0CFA4193BEE2B00C160EC</key>
		<dict>
			<key>children</key>
			<array>
				<string>21D0CFA3193BEE2B00C160EC</string>
				<string>21D0CFC4193BEE2B00C160EC</string>
			</array>
			<key>isa</key>
			<string>PBXGroup</string>
			<key>name</key>
			<string>Products</string>
			<key>sourceTree</key>
			<string>&lt;group&gt;</string>
		</dict>
		<key>21D0CFA5193BEE2B00C160EC</key>
		<dict>
			<key>children</key>
			<array>
				<string>21D0CFA6193BEE2B00C160EC</string>
				<string>21D0CFA8193BEE2B00C160EC</string>
				<string>21D0CFAA193BEE2B00C160EC</string>
				<string>21D0CFC5193BEE2B00C160EC</string>
				<string>9396AC95474444F9933AA2EC</string>
			</array>
			<key>isa</key>
			<string>PBXGroup</string>
			<key>name</key>
			<string>Frameworks</string>
			<key>sourceTree</key>
			<string>&lt;group&gt;</string>
		</dict>
		<key>21D0CFA6193BEE2B00C160EC</key>
		<dict>
			<key>isa</key>
			<string>PBXFileReference</string>
			<key>lastKnownFileType</key>
			<string>wrapper.framework</string>
			<key>name</key>
			<string>Foundation.framework</string>
			<key>path</key>
			<string>System/Library/Frameworks/Foundation.framework</string>
			<key>sourceTree</key>
			<string>SDKROOT</string>
		</dict>
		<key>21D0CFA7193BEE2B00C160EC</key>
		<dict>
			<key>fileRef</key>
			<string>21D0CFA6193BEE2B00C160EC</string>
			<key>isa</key>
			<string>PBXBuildFile</string>
		</dict>
		<key>21D0CFA8193BEE2B00C160EC</key>
		<dict>
			<key>isa</key>
			<string>PBXFileReference</string>
			<key>lastKnownFileType</key>
			<string>wrapper.framework</string>
			<key>name</key>
			<string>CoreGraphics.framework</string>
			<key>path</key>
			<string>System/Library/Frameworks/CoreGraphics.framework</string>
			<key>sourceTree</key>
			<string>SDKROOT</string>
		</dict>
		<key>21D0CFA9193BEE2B00C160EC</key>
		<dict>
			<key>fileRef</key>
			<string>21D0CFA8193BEE2B00C160EC</string>
			<key>isa</key>
			<string>PBXBuildFile</string>
		</dict>
		<key>21D0CFAA193BEE2B00C160EC</key>
		<dict>
			<key>isa</key>
			<string>PBXFileReference</string>
			<key>lastKnownFileType</key>
			<string>wrapper.framework</string>
			<key>name</key>
			<string>UIKit.framework</string>
			<key>path</key>
			<string>System/Library/Frameworks/UIKit.framework</string>
			<key>sourceTree</key>
			<string>SDKROOT</string>
		</dict>
		<key>21D0CFAB193BEE2B00C160EC</key>
		<dict>
			<key>fileRef</key>
			<string>21D0CFAA193BEE2B00C160EC</string>
			<key>isa</key>
			<string>PBXBuildFile</string>
		</dict>
		<key>21D0CFAC193BEE2B00C160EC</key>
		<dict>
			<key>children</key>
			<array>
				<string>21D0CFE4193BEFBB00C160EC</string>
				<string>21D0CFB5193BEE2B00C160EC</string>
				<string>21D0CFB6193BEE2B00C160EC</string>
				<string>21D0CFB8193BEE2B00C160EC</string>
				<string>21D0CFBB193BEE2B00C160EC</string>
				<string>21D0CFBC193BEE2B00C160EC</string>
				<string>21D0CFBE193BEE2B00C160EC</string>
				<string>21D0CFAD193BEE2B00C160EC</string>
			</array>
			<key>isa</key>
			<string>PBXGroup</string>
			<key>path</key>
			<string>MessageBanner Demo</string>
			<key>sourceTree</key>
			<string>&lt;group&gt;</string>
		</dict>
		<key>21D0CFAD193BEE2B00C160EC</key>
		<dict>
			<key>children</key>
			<array>
				<string>21D0CFAE193BEE2B00C160EC</string>
				<string>21D0CFAF193BEE2B00C160EC</string>
				<string>21D0CFB2193BEE2B00C160EC</string>
				<string>21D0CFB4193BEE2B00C160EC</string>
			</array>
			<key>isa</key>
			<string>PBXGroup</string>
			<key>name</key>
			<string>Supporting Files</string>
			<key>sourceTree</key>
			<string>&lt;group&gt;</string>
		</dict>
		<key>21D0CFAE193BEE2B00C160EC</key>
		<dict>
			<key>isa</key>
			<string>PBXFileReference</string>
			<key>lastKnownFileType</key>
			<string>text.plist.xml</string>
			<key>path</key>
			<string>MessageBanner Demo-Info.plist</string>
			<key>sourceTree</key>
			<string>&lt;group&gt;</string>
		</dict>
		<key>21D0CFAF193BEE2B00C160EC</key>
		<dict>
			<key>children</key>
			<array>
				<string>21D0CFB0193BEE2B00C160EC</string>
			</array>
			<key>isa</key>
			<string>PBXVariantGroup</string>
			<key>name</key>
			<string>InfoPlist.strings</string>
			<key>sourceTree</key>
			<string>&lt;group&gt;</string>
		</dict>
		<key>21D0CFB0193BEE2B00C160EC</key>
		<dict>
			<key>isa</key>
			<string>PBXFileReference</string>
			<key>lastKnownFileType</key>
			<string>text.plist.strings</string>
			<key>name</key>
			<string>en</string>
			<key>path</key>
			<string>en.lproj/InfoPlist.strings</string>
			<key>sourceTree</key>
			<string>&lt;group&gt;</string>
		</dict>
		<key>21D0CFB1193BEE2B00C160EC</key>
		<dict>
			<key>fileRef</key>
			<string>21D0CFAF193BEE2B00C160EC</string>
			<key>isa</key>
			<string>PBXBuildFile</string>
		</dict>
		<key>21D0CFB2193BEE2B00C160EC</key>
		<dict>
			<key>isa</key>
			<string>PBXFileReference</string>
			<key>lastKnownFileType</key>
			<string>sourcecode.c.objc</string>
			<key>path</key>
			<string>main.m</string>
			<key>sourceTree</key>
			<string>&lt;group&gt;</string>
		</dict>
		<key>21D0CFB3193BEE2B00C160EC</key>
		<dict>
			<key>fileRef</key>
			<string>21D0CFB2193BEE2B00C160EC</string>
			<key>isa</key>
			<string>PBXBuildFile</string>
		</dict>
		<key>21D0CFB4193BEE2B00C160EC</key>
		<dict>
			<key>isa</key>
			<string>PBXFileReference</string>
			<key>lastKnownFileType</key>
			<string>sourcecode.c.h</string>
			<key>path</key>
			<string>MessageBanner Demo-Prefix.pch</string>
			<key>sourceTree</key>
			<string>&lt;group&gt;</string>
		</dict>
		<key>21D0CFB5193BEE2B00C160EC</key>
		<dict>
			<key>isa</key>
			<string>PBXFileReference</string>
			<key>lastKnownFileType</key>
			<string>sourcecode.c.h</string>
			<key>path</key>
			<string>AppDelegate.h</string>
			<key>sourceTree</key>
			<string>&lt;group&gt;</string>
		</dict>
		<key>21D0CFB6193BEE2B00C160EC</key>
		<dict>
			<key>isa</key>
			<string>PBXFileReference</string>
			<key>lastKnownFileType</key>
			<string>sourcecode.c.objc</string>
			<key>path</key>
			<string>AppDelegate.m</string>
			<key>sourceTree</key>
			<string>&lt;group&gt;</string>
		</dict>
		<key>21D0CFB7193BEE2B00C160EC</key>
		<dict>
			<key>fileRef</key>
			<string>21D0CFB6193BEE2B00C160EC</string>
			<key>isa</key>
			<string>PBXBuildFile</string>
		</dict>
		<key>21D0CFB8193BEE2B00C160EC</key>
		<dict>
			<key>children</key>
			<array>
				<string>21D0CFB9193BEE2B00C160EC</string>
			</array>
			<key>isa</key>
			<string>PBXVariantGroup</string>
			<key>name</key>
			<string>Main.storyboard</string>
			<key>sourceTree</key>
			<string>&lt;group&gt;</string>
		</dict>
		<key>21D0CFB9193BEE2B00C160EC</key>
		<dict>
			<key>isa</key>
			<string>PBXFileReference</string>
			<key>lastKnownFileType</key>
			<string>file.storyboard</string>
			<key>name</key>
			<string>Base</string>
			<key>path</key>
			<string>Base.lproj/Main.storyboard</string>
			<key>sourceTree</key>
			<string>&lt;group&gt;</string>
		</dict>
		<key>21D0CFBA193BEE2B00C160EC</key>
		<dict>
			<key>fileRef</key>
			<string>21D0CFB8193BEE2B00C160EC</string>
			<key>isa</key>
			<string>PBXBuildFile</string>
		</dict>
		<key>21D0CFBB193BEE2B00C160EC</key>
		<dict>
			<key>isa</key>
			<string>PBXFileReference</string>
			<key>lastKnownFileType</key>
			<string>sourcecode.c.h</string>
			<key>path</key>
			<string>ViewController.h</string>
			<key>sourceTree</key>
			<string>&lt;group&gt;</string>
		</dict>
		<key>21D0CFBC193BEE2B00C160EC</key>
		<dict>
			<key>isa</key>
			<string>PBXFileReference</string>
			<key>lastKnownFileType</key>
			<string>sourcecode.c.objc</string>
			<key>path</key>
			<string>ViewController.m</string>
			<key>sourceTree</key>
			<string>&lt;group&gt;</string>
		</dict>
		<key>21D0CFBD193BEE2B00C160EC</key>
		<dict>
			<key>fileRef</key>
			<string>21D0CFBC193BEE2B00C160EC</string>
			<key>isa</key>
			<string>PBXBuildFile</string>
		</dict>
		<key>21D0CFBE193BEE2B00C160EC</key>
		<dict>
			<key>isa</key>
			<string>PBXFileReference</string>
			<key>lastKnownFileType</key>
			<string>folder.assetcatalog</string>
			<key>path</key>
			<string>Images.xcassets</string>
			<key>sourceTree</key>
			<string>&lt;group&gt;</string>
		</dict>
		<key>21D0CFBF193BEE2B00C160EC</key>
		<dict>
			<key>fileRef</key>
			<string>21D0CFBE193BEE2B00C160EC</string>
			<key>isa</key>
			<string>PBXBuildFile</string>
		</dict>
		<key>21D0CFC0193BEE2B00C160EC</key>
		<dict>
			<key>buildActionMask</key>
			<string>2147483647</string>
			<key>files</key>
			<array/>
			<key>isa</key>
			<string>PBXSourcesBuildPhase</string>
			<key>runOnlyForDeploymentPostprocessing</key>
			<string>0</string>
		</dict>
		<key>21D0CFC1193BEE2B00C160EC</key>
		<dict>
			<key>buildActionMask</key>
			<string>2147483647</string>
			<key>files</key>
			<array>
				<string>21D0CFC6193BEE2B00C160EC</string>
				<string>21D0CFC8193BEE2B00C160EC</string>
				<string>21D0CFC7193BEE2B00C160EC</string>
			</array>
			<key>isa</key>
			<string>PBXFrameworksBuildPhase</string>
			<key>runOnlyForDeploymentPostprocessing</key>
			<string>0</string>
		</dict>
		<key>21D0CFC2193BEE2B00C160EC</key>
		<dict>
			<key>buildActionMask</key>
			<string>2147483647</string>
			<key>files</key>
			<array/>
			<key>isa</key>
			<string>PBXResourcesBuildPhase</string>
			<key>runOnlyForDeploymentPostprocessing</key>
			<string>0</string>
		</dict>
		<key>21D0CFC3193BEE2B00C160EC</key>
		<dict>
			<key>buildConfigurationList</key>
			<string>21D0CFD8193BEE2B00C160EC</string>
			<key>buildPhases</key>
			<array>
				<string>21D0CFC0193BEE2B00C160EC</string>
				<string>21D0CFC1193BEE2B00C160EC</string>
				<string>21D0CFC2193BEE2B00C160EC</string>
			</array>
			<key>buildRules</key>
			<array/>
			<key>dependencies</key>
			<array>
				<string>21D0CFCA193BEE2B00C160EC</string>
			</array>
			<key>isa</key>
			<string>PBXNativeTarget</string>
			<key>name</key>
			<string>MessageBanner DemoTests</string>
			<key>productName</key>
			<string>MessageBanner DemoTests</string>
			<key>productReference</key>
			<string>21D0CFC4193BEE2B00C160EC</string>
			<key>productType</key>
			<string>com.apple.product-type.bundle.unit-test</string>
		</dict>
		<key>21D0CFC4193BEE2B00C160EC</key>
		<dict>
			<key>explicitFileType</key>
			<string>wrapper.cfbundle</string>
			<key>includeInIndex</key>
			<string>0</string>
			<key>isa</key>
			<string>PBXFileReference</string>
			<key>path</key>
			<string>MessageBanner DemoTests.xctest</string>
			<key>sourceTree</key>
			<string>BUILT_PRODUCTS_DIR</string>
		</dict>
		<key>21D0CFC5193BEE2B00C160EC</key>
		<dict>
			<key>isa</key>
			<string>PBXFileReference</string>
			<key>lastKnownFileType</key>
			<string>wrapper.framework</string>
			<key>name</key>
			<string>XCTest.framework</string>
			<key>path</key>
			<string>Library/Frameworks/XCTest.framework</string>
			<key>sourceTree</key>
			<string>DEVELOPER_DIR</string>
		</dict>
		<key>21D0CFC6193BEE2B00C160EC</key>
		<dict>
			<key>fileRef</key>
			<string>21D0CFC5193BEE2B00C160EC</string>
			<key>isa</key>
			<string>PBXBuildFile</string>
		</dict>
		<key>21D0CFC7193BEE2B00C160EC</key>
		<dict>
			<key>fileRef</key>
			<string>21D0CFA6193BEE2B00C160EC</string>
			<key>isa</key>
			<string>PBXBuildFile</string>
		</dict>
		<key>21D0CFC8193BEE2B00C160EC</key>
		<dict>
			<key>fileRef</key>
			<string>21D0CFAA193BEE2B00C160EC</string>
			<key>isa</key>
			<string>PBXBuildFile</string>
		</dict>
		<key>21D0CFC9193BEE2B00C160EC</key>
		<dict>
			<key>containerPortal</key>
			<string>21D0CF9B193BEE2B00C160EC</string>
			<key>isa</key>
			<string>PBXContainerItemProxy</string>
			<key>proxyType</key>
			<string>1</string>
			<key>remoteGlobalIDString</key>
			<string>21D0CFA2193BEE2B00C160EC</string>
			<key>remoteInfo</key>
			<string>MessageBanner Demo</string>
		</dict>
		<key>21D0CFCA193BEE2B00C160EC</key>
		<dict>
			<key>isa</key>
			<string>PBXTargetDependency</string>
			<key>target</key>
			<string>21D0CFA2193BEE2B00C160EC</string>
			<key>targetProxy</key>
			<string>21D0CFC9193BEE2B00C160EC</string>
		</dict>
		<key>21D0CFD3193BEE2B00C160EC</key>
		<dict>
			<key>buildSettings</key>
			<dict>
				<key>ALWAYS_SEARCH_USER_PATHS</key>
				<string>NO</string>
				<key>CLANG_CXX_LANGUAGE_STANDARD</key>
				<string>gnu++0x</string>
				<key>CLANG_CXX_LIBRARY</key>
				<string>libc++</string>
				<key>CLANG_ENABLE_MODULES</key>
				<string>YES</string>
				<key>CLANG_ENABLE_OBJC_ARC</key>
				<string>YES</string>
				<key>CLANG_WARN_BOOL_CONVERSION</key>
				<string>YES</string>
				<key>CLANG_WARN_CONSTANT_CONVERSION</key>
				<string>YES</string>
				<key>CLANG_WARN_DIRECT_OBJC_ISA_USAGE</key>
				<string>YES_ERROR</string>
				<key>CLANG_WARN_EMPTY_BODY</key>
				<string>YES</string>
				<key>CLANG_WARN_ENUM_CONVERSION</key>
				<string>YES</string>
				<key>CLANG_WARN_INT_CONVERSION</key>
				<string>YES</string>
				<key>CLANG_WARN_OBJC_ROOT_CLASS</key>
				<string>YES_ERROR</string>
				<key>CLANG_WARN__DUPLICATE_METHOD_MATCH</key>
				<string>YES</string>
				<key>CODE_SIGN_IDENTITY[sdk=iphoneos*]</key>
				<string>iPhone Developer</string>
				<key>COPY_PHASE_STRIP</key>
				<string>NO</string>
				<key>GCC_C_LANGUAGE_STANDARD</key>
				<string>gnu99</string>
				<key>GCC_DYNAMIC_NO_PIC</key>
				<string>NO</string>
				<key>GCC_OPTIMIZATION_LEVEL</key>
				<string>0</string>
				<key>GCC_PREPROCESSOR_DEFINITIONS</key>
				<array>
					<string>DEBUG=1</string>
					<string>$(inherited)</string>
				</array>
				<key>GCC_SYMBOLS_PRIVATE_EXTERN</key>
				<string>NO</string>
				<key>GCC_WARN_64_TO_32_BIT_CONVERSION</key>
				<string>YES</string>
				<key>GCC_WARN_ABOUT_RETURN_TYPE</key>
				<string>YES_ERROR</string>
				<key>GCC_WARN_UNDECLARED_SELECTOR</key>
				<string>YES</string>
				<key>GCC_WARN_UNINITIALIZED_AUTOS</key>
				<string>YES_AGGRESSIVE</string>
				<key>GCC_WARN_UNUSED_FUNCTION</key>
				<string>YES</string>
				<key>GCC_WARN_UNUSED_VARIABLE</key>
				<string>YES</string>
				<key>IPHONEOS_DEPLOYMENT_TARGET</key>
				<string>7.1</string>
				<key>ONLY_ACTIVE_ARCH</key>
				<string>YES</string>
				<key>SDKROOT</key>
				<string>iphoneos</string>
			</dict>
			<key>isa</key>
			<string>XCBuildConfiguration</string>
			<key>name</key>
			<string>Debug</string>
		</dict>
		<key>21D0CFD4193BEE2B00C160EC</key>
		<dict>
			<key>buildSettings</key>
			<dict>
				<key>ALWAYS_SEARCH_USER_PATHS</key>
				<string>NO</string>
				<key>CLANG_CXX_LANGUAGE_STANDARD</key>
				<string>gnu++0x</string>
				<key>CLANG_CXX_LIBRARY</key>
				<string>libc++</string>
				<key>CLANG_ENABLE_MODULES</key>
				<string>YES</string>
				<key>CLANG_ENABLE_OBJC_ARC</key>
				<string>YES</string>
				<key>CLANG_WARN_BOOL_CONVERSION</key>
				<string>YES</string>
				<key>CLANG_WARN_CONSTANT_CONVERSION</key>
				<string>YES</string>
				<key>CLANG_WARN_DIRECT_OBJC_ISA_USAGE</key>
				<string>YES_ERROR</string>
				<key>CLANG_WARN_EMPTY_BODY</key>
				<string>YES</string>
				<key>CLANG_WARN_ENUM_CONVERSION</key>
				<string>YES</string>
				<key>CLANG_WARN_INT_CONVERSION</key>
				<string>YES</string>
				<key>CLANG_WARN_OBJC_ROOT_CLASS</key>
				<string>YES_ERROR</string>
				<key>CLANG_WARN__DUPLICATE_METHOD_MATCH</key>
				<string>YES</string>
				<key>CODE_SIGN_IDENTITY[sdk=iphoneos*]</key>
				<string>iPhone Developer</string>
				<key>COPY_PHASE_STRIP</key>
				<string>YES</string>
				<key>ENABLE_NS_ASSERTIONS</key>
				<string>NO</string>
				<key>GCC_C_LANGUAGE_STANDARD</key>
				<string>gnu99</string>
				<key>GCC_WARN_64_TO_32_BIT_CONVERSION</key>
				<string>YES</string>
				<key>GCC_WARN_ABOUT_RETURN_TYPE</key>
				<string>YES_ERROR</string>
				<key>GCC_WARN_UNDECLARED_SELECTOR</key>
				<string>YES</string>
				<key>GCC_WARN_UNINITIALIZED_AUTOS</key>
				<string>YES_AGGRESSIVE</string>
				<key>GCC_WARN_UNUSED_FUNCTION</key>
				<string>YES</string>
				<key>GCC_WARN_UNUSED_VARIABLE</key>
				<string>YES</string>
				<key>IPHONEOS_DEPLOYMENT_TARGET</key>
				<string>7.1</string>
				<key>SDKROOT</key>
				<string>iphoneos</string>
				<key>VALIDATE_PRODUCT</key>
				<string>YES</string>
			</dict>
			<key>isa</key>
			<string>XCBuildConfiguration</string>
			<key>name</key>
			<string>Release</string>
		</dict>
		<key>21D0CFD5193BEE2B00C160EC</key>
		<dict>
			<key>buildConfigurations</key>
			<array>
				<string>21D0CFD6193BEE2B00C160EC</string>
				<string>21D0CFD7193BEE2B00C160EC</string>
			</array>
			<key>defaultConfigurationIsVisible</key>
			<string>0</string>
			<key>defaultConfigurationName</key>
			<string>Release</string>
			<key>isa</key>
			<string>XCConfigurationList</string>
		</dict>
		<key>21D0CFD6193BEE2B00C160EC</key>
		<dict>
			<key>baseConfigurationReference</key>
			<string>B63D5E73EDED44FB969625BB</string>
			<key>buildSettings</key>
			<dict>
				<key>ASSETCATALOG_COMPILER_APPICON_NAME</key>
				<string>AppIcon</string>
				<key>ASSETCATALOG_COMPILER_LAUNCHIMAGE_NAME</key>
				<string>LaunchImage</string>
				<key>GCC_PRECOMPILE_PREFIX_HEADER</key>
				<string>YES</string>
				<key>GCC_PREFIX_HEADER</key>
				<string>MessageBanner Demo/MessageBanner Demo-Prefix.pch</string>
				<key>INFOPLIST_FILE</key>
				<string>MessageBanner Demo/MessageBanner Demo-Info.plist</string>
				<key>PRODUCT_NAME</key>
				<string>$(TARGET_NAME)</string>
				<key>WRAPPER_EXTENSION</key>
				<string>app</string>
			</dict>
			<key>isa</key>
			<string>XCBuildConfiguration</string>
			<key>name</key>
			<string>Debug</string>
		</dict>
		<key>21D0CFD7193BEE2B00C160EC</key>
		<dict>
			<key>baseConfigurationReference</key>
			<string>B63D5E73EDED44FB969625BB</string>
			<key>buildSettings</key>
			<dict>
				<key>ASSETCATALOG_COMPILER_APPICON_NAME</key>
				<string>AppIcon</string>
				<key>ASSETCATALOG_COMPILER_LAUNCHIMAGE_NAME</key>
				<string>LaunchImage</string>
				<key>GCC_PRECOMPILE_PREFIX_HEADER</key>
				<string>YES</string>
				<key>GCC_PREFIX_HEADER</key>
				<string>MessageBanner Demo/MessageBanner Demo-Prefix.pch</string>
				<key>INFOPLIST_FILE</key>
				<string>MessageBanner Demo/MessageBanner Demo-Info.plist</string>
				<key>PRODUCT_NAME</key>
				<string>$(TARGET_NAME)</string>
				<key>WRAPPER_EXTENSION</key>
				<string>app</string>
			</dict>
			<key>isa</key>
			<string>XCBuildConfiguration</string>
			<key>name</key>
			<string>Release</string>
		</dict>
		<key>21D0CFD8193BEE2B00C160EC</key>
		<dict>
			<key>buildConfigurations</key>
			<array>
				<string>21D0CFD9193BEE2B00C160EC</string>
				<string>21D0CFDA193BEE2B00C160EC</string>
			</array>
			<key>defaultConfigurationIsVisible</key>
			<string>0</string>
			<key>defaultConfigurationName</key>
			<string>Release</string>
			<key>isa</key>
			<string>XCConfigurationList</string>
		</dict>
		<key>21D0CFD9193BEE2B00C160EC</key>
		<dict>
			<key>buildSettings</key>
			<dict>
				<key>BUNDLE_LOADER</key>
				<string>$(BUILT_PRODUCTS_DIR)/MessageBanner Demo.app/MessageBanner Demo</string>
				<key>FRAMEWORK_SEARCH_PATHS</key>
				<array>
					<string>$(SDKROOT)/Developer/Library/Frameworks</string>
					<string>$(inherited)</string>
					<string>$(DEVELOPER_FRAMEWORKS_DIR)</string>
				</array>
				<key>GCC_PRECOMPILE_PREFIX_HEADER</key>
				<string>YES</string>
				<key>GCC_PREFIX_HEADER</key>
				<string>MessageBanner Demo/MessageBanner Demo-Prefix.pch</string>
				<key>GCC_PREPROCESSOR_DEFINITIONS</key>
				<array>
					<string>DEBUG=1</string>
					<string>$(inherited)</string>
				</array>
				<key>INFOPLIST_FILE</key>
				<string>MessageBanner DemoTests/MessageBanner DemoTests-Info.plist</string>
				<key>PRODUCT_NAME</key>
				<string>$(TARGET_NAME)</string>
				<key>TEST_HOST</key>
				<string>$(BUNDLE_LOADER)</string>
				<key>WRAPPER_EXTENSION</key>
				<string>xctest</string>
			</dict>
			<key>isa</key>
			<string>XCBuildConfiguration</string>
			<key>name</key>
			<string>Debug</string>
		</dict>
		<key>21D0CFDA193BEE2B00C160EC</key>
		<dict>
			<key>buildSettings</key>
			<dict>
				<key>BUNDLE_LOADER</key>
				<string>$(BUILT_PRODUCTS_DIR)/MessageBanner Demo.app/MessageBanner Demo</string>
				<key>FRAMEWORK_SEARCH_PATHS</key>
				<array>
					<string>$(SDKROOT)/Developer/Library/Frameworks</string>
					<string>$(inherited)</string>
					<string>$(DEVELOPER_FRAMEWORKS_DIR)</string>
				</array>
				<key>GCC_PRECOMPILE_PREFIX_HEADER</key>
				<string>YES</string>
				<key>GCC_PREFIX_HEADER</key>
				<string>MessageBanner Demo/MessageBanner Demo-Prefix.pch</string>
				<key>INFOPLIST_FILE</key>
				<string>MessageBanner DemoTests/MessageBanner DemoTests-Info.plist</string>
				<key>PRODUCT_NAME</key>
				<string>$(TARGET_NAME)</string>
				<key>TEST_HOST</key>
				<string>$(BUNDLE_LOADER)</string>
				<key>WRAPPER_EXTENSION</key>
				<string>xctest</string>
			</dict>
			<key>isa</key>
			<string>XCBuildConfiguration</string>
			<key>name</key>
			<string>Release</string>
		</dict>
		<key>21D0CFDB193BEEB700C160EC</key>
		<dict>
			<key>children</key>
			<array>
				<string>21D0CFDC193BEEB700C160EC</string>
				<string>21D0CFDF193BEEB700C160EC</string>
				<string>21082DED193D9FA0000023A0</string>
			</array>
			<key>isa</key>
			<string>PBXGroup</string>
			<key>path</key>
			<string>MessageBanner</string>
			<key>sourceTree</key>
			<string>&lt;group&gt;</string>
		</dict>
		<key>21D0CFDC193BEEB700C160EC</key>
		<dict>
			<key>children</key>
			<array>
				<string>21D0CFDD193BEEB700C160EC</string>
				<string>21D0CFDE193BEEB700C160EC</string>
			</array>
			<key>isa</key>
			<string>PBXGroup</string>
			<key>path</key>
			<string>Classes</string>
			<key>sourceTree</key>
			<string>&lt;group&gt;</string>
		</dict>
		<key>21D0CFDD193BEEB700C160EC</key>
		<dict>
			<key>fileEncoding</key>
			<string>4</string>
			<key>isa</key>
			<string>PBXFileReference</string>
			<key>lastKnownFileType</key>
			<string>sourcecode.c.h</string>
			<key>path</key>
			<string>MessageBanner.h</string>
			<key>sourceTree</key>
			<string>&lt;group&gt;</string>
		</dict>
		<key>21D0CFDE193BEEB700C160EC</key>
		<dict>
			<key>fileEncoding</key>
			<string>4</string>
			<key>isa</key>
			<string>PBXFileReference</string>
			<key>lastKnownFileType</key>
			<string>sourcecode.c.objc</string>
			<key>path</key>
			<string>MessageBanner.m</string>
			<key>sourceTree</key>
			<string>&lt;group&gt;</string>
		</dict>
		<key>21D0CFDF193BEEB700C160EC</key>
		<dict>
			<key>children</key>
			<array>
				<string>21D0CFE0193BEEB700C160EC</string>
				<string>21D0CFE1193BEEB700C160EC</string>
			</array>
			<key>isa</key>
			<string>PBXGroup</string>
			<key>path</key>
			<string>Views</string>
			<key>sourceTree</key>
			<string>&lt;group&gt;</string>
		</dict>
		<key>21D0CFE0193BEEB700C160EC</key>
		<dict>
			<key>fileEncoding</key>
			<string>4</string>
			<key>isa</key>
			<string>PBXFileReference</string>
			<key>lastKnownFileType</key>
			<string>sourcecode.c.h</string>
			<key>path</key>
			<string>MessageBannerView.h</string>
			<key>sourceTree</key>
			<string>&lt;group&gt;</string>
		</dict>
		<key>21D0CFE1193BEEB700C160EC</key>
		<dict>
			<key>fileEncoding</key>
			<string>4</string>
			<key>isa</key>
			<string>PBXFileReference</string>
			<key>lastKnownFileType</key>
			<string>sourcecode.c.objc</string>
			<key>path</key>
			<string>MessageBannerView.m</string>
			<key>sourceTree</key>
			<string>&lt;group&gt;</string>
		</dict>
		<key>21D0CFE2193BEEB700C160EC</key>
		<dict>
			<key>fileRef</key>
			<string>21D0CFDE193BEEB700C160EC</string>
			<key>isa</key>
			<string>PBXBuildFile</string>
		</dict>
		<key>21D0CFE3193BEEB700C160EC</key>
		<dict>
			<key>fileRef</key>
			<string>21D0CFE1193BEEB700C160EC</string>
			<key>isa</key>
			<string>PBXBuildFile</string>
		</dict>
		<key>21D0CFE4193BEFBB00C160EC</key>
		<dict>
			<key>children</key>
			<array>
				<string>21D0CFE5193BEFBB00C160EC</string>
			</array>
			<key>isa</key>
			<string>PBXGroup</string>
			<key>path</key>
			<string>Ressources</string>
			<key>sourceTree</key>
			<string>&lt;group&gt;</string>
		</dict>
		<key>21D0CFE5193BEFBB00C160EC</key>
		<dict>
			<key>children</key>
			<array>
				<string>21D0CFE6193BEFBB00C160EC</string>
				<string>21D0CFE7193BEFBB00C160EC</string>
			</array>
			<key>isa</key>
			<string>PBXGroup</string>
			<key>path</key>
			<string>images</string>
			<key>sourceTree</key>
			<string>&lt;group&gt;</string>
		</dict>
		<key>21D0CFE6193BEFBB00C160EC</key>
		<dict>
			<key>isa</key>
			<string>PBXFileReference</string>
			<key>lastKnownFileType</key>
			<string>image.png</string>
			<key>path</key>
			<string>iconTest.png</string>
			<key>sourceTree</key>
			<string>&lt;group&gt;</string>
		</dict>
		<key>21D0CFE7193BEFBB00C160EC</key>
		<dict>
			<key>isa</key>
			<string>PBXFileReference</string>
			<key>lastKnownFileType</key>
			<string>image.png</string>
			<key>path</key>
			<string>iconTest@2x.png</string>
			<key>sourceTree</key>
			<string>&lt;group&gt;</string>
		</dict>
		<key>21D0CFE8193BEFBB00C160EC</key>
		<dict>
			<key>fileRef</key>
			<string>21D0CFE6193BEFBB00C160EC</string>
			<key>isa</key>
			<string>PBXBuildFile</string>
		</dict>
		<key>21D0CFE9193BEFBB00C160EC</key>
		<dict>
			<key>fileRef</key>
			<string>21D0CFE7193BEFBB00C160EC</string>
			<key>isa</key>
			<string>PBXBuildFile</string>
		</dict>
		<key>61F3B92027F2451491673178</key>
		<dict>
			<key>buildActionMask</key>
			<string>2147483647</string>
			<key>files</key>
			<array/>
			<key>inputPaths</key>
			<array/>
			<key>isa</key>
			<string>PBXShellScriptBuildPhase</string>
			<key>name</key>
			<string>Copy Pods Resources</string>
			<key>outputPaths</key>
			<array/>
			<key>runOnlyForDeploymentPostprocessing</key>
			<string>0</string>
			<key>shellPath</key>
			<string>/bin/sh</string>
			<key>shellScript</key>
			<string>"${SRCROOT}/Pods/Pods-resources.sh"
</string>
			<key>showEnvVarsInLog</key>
			<string>0</string>
		</dict>
		<key>9396AC95474444F9933AA2EC</key>
		<dict>
			<key>explicitFileType</key>
			<string>archive.ar</string>
			<key>includeInIndex</key>
			<string>0</string>
			<key>isa</key>
			<string>PBXFileReference</string>
			<key>path</key>
			<string>libPods.a</string>
			<key>sourceTree</key>
			<string>BUILT_PRODUCTS_DIR</string>
		</dict>
		<key>B63D5E73EDED44FB969625BB</key>
		<dict>
			<key>includeInIndex</key>
			<string>1</string>
			<key>isa</key>
			<string>PBXFileReference</string>
			<key>lastKnownFileType</key>
			<string>text.xcconfig</string>
			<key>name</key>
			<string>Pods.xcconfig</string>
			<key>path</key>
			<string>Pods/Pods.xcconfig</string>
			<key>sourceTree</key>
			<string>&lt;group&gt;</string>
		</dict>
		<key>D69C249767C44400BFAA605E</key>
		<dict>
			<key>buildActionMask</key>
			<string>2147483647</string>
			<key>files</key>
			<array/>
			<key>inputPaths</key>
			<array/>
			<key>isa</key>
			<string>PBXShellScriptBuildPhase</string>
			<key>name</key>
			<string>Check Pods Manifest.lock</string>
			<key>outputPaths</key>
			<array/>
			<key>runOnlyForDeploymentPostprocessing</key>
			<string>0</string>
			<key>shellPath</key>
			<string>/bin/sh</string>
			<key>shellScript</key>
			<string>diff "${PODS_ROOT}/../Podfile.lock" "${PODS_ROOT}/Manifest.lock" &gt; /dev/null
if [[ $? != 0 ]] ; then
    cat &lt;&lt; EOM
error: The sandbox is not in sync with the Podfile.lock. Run 'pod install' or update your CocoaPods installation.
EOM
    exit 1
fi
</string>
			<key>showEnvVarsInLog</key>
			<string>0</string>
		</dict>
		<key>F8AF0C2E9DDB4CF6AE2AB947</key>
		<dict>
			<key>fileRef</key>
			<string>9396AC95474444F9933AA2EC</string>
			<key>isa</key>
			<string>PBXBuildFile</string>
		</dict>
	</dict>
	<key>rootObject</key>
	<string>21D0CF9B193BEE2B00C160EC</string>
</dict>
</plist>
